
Microsoft Visual Studio Solution File, Format Version 12.00
# Visual Studio Version 17
VisualStudioVersion = 17.2.32616.157
MinimumVisualStudioVersion = 10.0.40219.1
Project("{FAE04EC0-301F-11D3-BF4B-00C04F79EFBC}") = "CoreWebApiMongoDb", "CoreWebApiMongoDb\CoreWebApiMongoDb.csproj", "{3BA5A2CD-26AA-4742-AB05-F4CC62F0FCBA}"
EndProject
Global
	GlobalSection(SolutionConfigurationPlatforms) = preSolution
		Debug|Any CPU = Debug|Any CPU
		Release|Any CPU = Release|Any CPU
	EndGlobalSection
	GlobalSection(ProjectConfigurationPlatforms) = postSolution
		{3BA5A2CD-26AA-4742-AB05-F4CC62F0FCBA}.Debug|Any CPU.ActiveCfg = Debug|Any CPU
		{3BA5A2CD-26AA-4742-AB05-F4CC62F0FCBA}.Debug|Any CPU.Build.0 = Debug|Any CPU
		{3BA5A2CD-26AA-4742-AB05-F4CC62F0FCBA}.Release|Any CPU.ActiveCfg = Release|Any CPU
		{3BA5A2CD-26AA-4742-AB05-F4CC62F0FCBA}.Release|Any CPU.Build.0 = Release|Any CPU
	EndGlobalSection
	GlobalSection(SolutionProperties) = preSolution
		HideSolutionNode = FALSE
	EndGlobalSection
	GlobalSection(ExtensibilityGlobals) = postSolution
		SolutionGuid = {15FA7B0B-9528-4AEF-9506-D0F0A2A38969}
	EndGlobalSection
EndGlobal
